// !$*UTF8*$!
{
	archiveVersion = 1;
	classes = {
	};
	objectVersion = 55;
	objects = {

/* Begin PBXBuildFile section */
		5BF11FAE27AAE1400052019C /* AppDelegate.swift in Sources */ = {isa = PBXBuildFile; fileRef = 5BF11FAD27AAE1400052019C /* AppDelegate.swift */; };
		5BF11FB027AAE1400052019C /* SceneDelegate.swift in Sources */ = {isa = PBXBuildFile; fileRef = 5BF11FAF27AAE1400052019C /* SceneDelegate.swift */; };
		5BF11FB227AAE1400052019C /* ViewController.swift in Sources */ = {isa = PBXBuildFile; fileRef = 5BF11FB127AAE1400052019C /* ViewController.swift */; };
		5BF11FB527AAE1400052019C /* Main.storyboard in Resources */ = {isa = PBXBuildFile; fileRef = 5BF11FB327AAE1400052019C /* Main.storyboard */; };
		5BF11FB727AAE1400052019C /* Assets.xcassets in Resources */ = {isa = PBXBuildFile; fileRef = 5BF11FB627AAE1400052019C /* Assets.xcassets */; };
		5BF11FBA27AAE1400052019C /* LaunchScreen.storyboard in Resources */ = {isa = PBXBuildFile; fileRef = 5BF11FB827AAE1400052019C /* LaunchScreen.storyboard */; };
		5BF11FC527AAE1400052019C /* CommandTests.swift in Sources */ = {isa = PBXBuildFile; fileRef = 5BF11FC427AAE1400052019C /* CommandTests.swift */; };
		5BF11FCF27AAE1400052019C /* CommandUITests.swift in Sources */ = {isa = PBXBuildFile; fileRef = 5BF11FCE27AAE1400052019C /* CommandUITests.swift */; };
		5BF11FD127AAE1400052019C /* CommandUITestsLaunchTests.swift in Sources */ = {isa = PBXBuildFile; fileRef = 5BF11FD027AAE1400052019C /* CommandUITestsLaunchTests.swift */; };
		5BF11FDE27AAE2B30052019C /* BaseCommand.swift in Sources */ = {isa = PBXBuildFile; fileRef = 5BF11FDD27AAE2B30052019C /* BaseCommand.swift */; };
		5BF11FE027AAE2CA0052019C /* StringUndoCommand.swift in Sources */ = {isa = PBXBuildFile; fileRef = 5BF11FDF27AAE2CA0052019C /* StringUndoCommand.swift */; };
		5BF11FE227AAE2E60052019C /* CommandExecutor.swift in Sources */ = {isa = PBXBuildFile; fileRef = 5BF11FE127AAE2E60052019C /* CommandExecutor.swift */; };
/* End PBXBuildFile section */

/* Begin PBXContainerItemProxy section */
		5BF11FC127AAE1400052019C /* PBXContainerItemProxy */ = {
			isa = PBXContainerItemProxy;
			containerPortal = 5BF11FA227AAE1400052019C /* Project object */;
			proxyType = 1;
			remoteGlobalIDString = 5BF11FA927AAE1400052019C;
			remoteInfo = Command;
		};
		5BF11FCB27AAE1400052019C /* PBXContainerItemProxy */ = {
			isa = PBXContainerItemProxy;
			containerPortal = 5BF11FA227AAE1400052019C /* Project object */;
			proxyType = 1;
			remoteGlobalIDString = 5BF11FA927AAE1400052019C;
			remoteInfo = Command;
		};
/* End PBXContainerItemProxy section */

/* Begin PBXFileReference section */
		5BF11FAA27AAE1400052019C /* Command.app */ = {isa = PBXFileReference; explicitFileType = wrapper.application; includeInIndex = 0; path = Command.app; sourceTree = BUILT_PRODUCTS_DIR; };
		5BF11FAD27AAE1400052019C /* AppDelegate.swift */ = {isa = PBXFileReference; lastKnownFileType = sourcecode.swift; path = AppDelegate.swift; sourceTree = "<group>"; };
		5BF11FAF27AAE1400052019C /* SceneDelegate.swift */ = {isa = PBXFileReference; lastKnownFileType = sourcecode.swift; path = SceneDelegate.swift; sourceTree = "<group>"; };
		5BF11FB127AAE1400052019C /* ViewController.swift */ = {isa = PBXFileReference; lastKnownFileType = sourcecode.swift; path = ViewController.swift; sourceTree = "<group>"; };
		5BF11FB427AAE1400052019C /* Base */ = {isa = PBXFileReference; lastKnownFileType = file.storyboard; name = Base; path = Base.lproj/Main.storyboard; sourceTree = "<group>"; };
		5BF11FB627AAE1400052019C /* Assets.xcassets */ = {isa = PBXFileReference; lastKnownFileType = folder.assetcatalog; path = Assets.xcassets; sourceTree = "<group>"; };
		5BF11FB927AAE1400052019C /* Base */ = {isa = PBXFileReference; lastKnownFileType = file.storyboard; name = Base; path = Base.lproj/LaunchScreen.storyboard; sourceTree = "<group>"; };
		5BF11FBB27AAE1400052019C /* Info.plist */ = {isa = PBXFileReference; lastKnownFileType = text.plist.xml; path = Info.plist; sourceTree = "<group>"; };
		5BF11FC027AAE1400052019C /* CommandTests.xctest */ = {isa = PBXFileReference; explicitFileType = wrapper.cfbundle; includeInIndex = 0; path = CommandTests.xctest; sourceTree = BUILT_PRODUCTS_DIR; };
		5BF11FC427AAE1400052019C /* CommandTests.swift */ = {isa = PBXFileReference; lastKnownFileType = sourcecode.swift; path = CommandTests.swift; sourceTree = "<group>"; };
		5BF11FCA27AAE1400052019C /* CommandUITests.xctest */ = {isa = PBXFileReference; explicitFileType = wrapper.cfbundle; includeInIndex = 0; path = CommandUITests.xctest; sourceTree = BUILT_PRODUCTS_DIR; };
		5BF11FCE27AAE1400052019C /* CommandUITests.swift */ = {isa = PBXFileReference; lastKnownFileType = sourcecode.swift; path = CommandUITests.swift; sourceTree = "<group>"; };
		5BF11FD027AAE1400052019C /* CommandUITestsLaunchTests.swift */ = {isa = PBXFileReference; lastKnownFileType = sourcecode.swift; path = CommandUITestsLaunchTests.swift; sourceTree = "<group>"; };
		5BF11FDD27AAE2B30052019C /* BaseCommand.swift */ = {isa = PBXFileReference; lastKnownFileType = sourcecode.swift; path = BaseCommand.swift; sourceTree = "<group>"; };
		5BF11FDF27AAE2CA0052019C /* StringUndoCommand.swift */ = {isa = PBXFileReference; lastKnownFileType = sourcecode.swift; path = StringUndoCommand.swift; sourceTree = "<group>"; };
		5BF11FE127AAE2E60052019C /* CommandExecutor.swift */ = {isa = PBXFileReference; lastKnownFileType = sourcecode.swift; path = CommandExecutor.swift; sourceTree = "<group>"; };
/* End PBXFileReference section */

/* Begin PBXFrameworksBuildPhase section */
		5BF11FA727AAE1400052019C /* Frameworks */ = {
			isa = PBXFrameworksBuildPhase;
			buildActionMask = 2147483647;
			files = (
			);
			runOnlyForDeploymentPostprocessing = 0;
		};
		5BF11FBD27AAE1400052019C /* Frameworks */ = {
			isa = PBXFrameworksBuildPhase;
			buildActionMask = 2147483647;
			files = (
			);
			runOnlyForDeploymentPostprocessing = 0;
		};
		5BF11FC727AAE1400052019C /* Frameworks */ = {
			isa = PBXFrameworksBuildPhase;
			buildActionMask = 2147483647;
			files = (
			);
			runOnlyForDeploymentPostprocessing = 0;
		};
/* End PBXFrameworksBuildPhase section */

/* Begin PBXGroup section */
		5BF11FA127AAE1400052019C = {
			isa = PBXGroup;
			children = (
				5BF11FAC27AAE1400052019C /* Command */,
				5BF11FC327AAE1400052019C /* CommandTests */,
				5BF11FCD27AAE1400052019C /* CommandUITests */,
				5BF11FAB27AAE1400052019C /* Products */,
			);
			sourceTree = "<group>";
		};
		5BF11FAB27AAE1400052019C /* Products */ = {
			isa = PBXGroup;
			children = (
				5BF11FAA27AAE1400052019C /* Command.app */,
				5BF11FC027AAE1400052019C /* CommandTests.xctest */,
				5BF11FCA27AAE1400052019C /* CommandUITests.xctest */,
			);
			name = Products;
			sourceTree = "<group>";
		};
		5BF11FAC27AAE1400052019C /* Command */ = {
			isa = PBXGroup;
			children = (
				5BF11FAD27AAE1400052019C /* AppDelegate.swift */,
				5BF11FAF27AAE1400052019C /* SceneDelegate.swift */,
				5BF11FB127AAE1400052019C /* ViewController.swift */,
				5BF11FB327AAE1400052019C /* Main.storyboard */,
				5BF11FB627AAE1400052019C /* Assets.xcassets */,
				5BF11FB827AAE1400052019C /* LaunchScreen.storyboard */,
				5BF11FBB27AAE1400052019C /* Info.plist */,
				5BF11FDD27AAE2B30052019C /* BaseCommand.swift */,
				5BF11FDF27AAE2CA0052019C /* StringUndoCommand.swift */,
				5BF11FE127AAE2E60052019C /* CommandExecutor.swift */,
			);
			path = Command;
			sourceTree = "<group>";
		};
		5BF11FC327AAE1400052019C /* CommandTests */ = {
			isa = PBXGroup;
			children = (
				5BF11FC427AAE1400052019C /* CommandTests.swift */,
			);
			path = CommandTests;
			sourceTree = "<group>";
		};
		5BF11FCD27AAE1400052019C /* CommandUITests */ = {
			isa = PBXGroup;
			children = (
				5BF11FCE27AAE1400052019C /* CommandUITests.swift */,
				5BF11FD027AAE1400052019C /* CommandUITestsLaunchTests.swift */,
			);
			path = CommandUITests;
			sourceTree = "<group>";
		};
/* End PBXGroup section */

/* Begin PBXNativeTarget section */
		5BF11FA927AAE1400052019C /* Command */ = {
			isa = PBXNativeTarget;
			buildConfigurationList = 5BF11FD427AAE1400052019C /* Build configuration list for PBXNativeTarget "Command" */;
			buildPhases = (
				5BF11FA627AAE1400052019C /* Sources */,
				5BF11FA727AAE1400052019C /* Frameworks */,
				5BF11FA827AAE1400052019C /* Resources */,
			);
			buildRules = (
			);
			dependencies = (
			);
			name = Command;
			productName = Command;
			productReference = 5BF11FAA27AAE1400052019C /* Command.app */;
			productType = "com.apple.product-type.application";
		};
		5BF11FBF27AAE1400052019C /* CommandTests */ = {
			isa = PBXNativeTarget;
			buildConfigurationList = 5BF11FD727AAE1400052019C /* Build configuration list for PBXNativeTarget "CommandTests" */;
			buildPhases = (
				5BF11FBC27AAE1400052019C /* Sources */,
				5BF11FBD27AAE1400052019C /* Frameworks */,
				5BF11FBE27AAE1400052019C /* Resources */,
			);
			buildRules = (
			);
			dependencies = (
				5BF11FC227AAE1400052019C /* PBXTargetDependency */,
			);
			name = CommandTests;
			productName = CommandTests;
			productReference = 5BF11FC027AAE1400052019C /* CommandTests.xctest */;
			productType = "com.apple.product-type.bundle.unit-test";
		};
		5BF11FC927AAE1400052019C /* CommandUITests */ = {
			isa = PBXNativeTarget;
			buildConfigurationList = 5BF11FDA27AAE1400052019C /* Build configuration list for PBXNativeTarget "CommandUITests" */;
			buildPhases = (
				5BF11FC627AAE1400052019C /* Sources */,
				5BF11FC727AAE1400052019C /* Frameworks */,
				5BF11FC827AAE1400052019C /* Resources */,
			);
			buildRules = (
			);
			dependencies = (
				5BF11FCC27AAE1400052019C /* PBXTargetDependency */,
			);
			name = CommandUITests;
			productName = CommandUITests;
			productReference = 5BF11FCA27AAE1400052019C /* CommandUITests.xctest */;
			productType = "com.apple.product-type.bundle.ui-testing";
		};
/* End PBXNativeTarget section */

/* Begin PBXProject section */
		5BF11FA227AAE1400052019C /* Project object */ = {
			isa = PBXProject;
			attributes = {
				BuildIndependentTargetsInParallel = 1;
				LastSwiftUpdateCheck = 1320;
				LastUpgradeCheck = 1320;
				TargetAttributes = {
					5BF11FA927AAE1400052019C = {
						CreatedOnToolsVersion = 13.2.1;
					};
					5BF11FBF27AAE1400052019C = {
						CreatedOnToolsVersion = 13.2.1;
						TestTargetID = 5BF11FA927AAE1400052019C;
					};
					5BF11FC927AAE1400052019C = {
						CreatedOnToolsVersion = 13.2.1;
						TestTargetID = 5BF11FA927AAE1400052019C;
					};
				};
			};
			buildConfigurationList = 5BF11FA527AAE1400052019C /* Build configuration list for PBXProject "Command" */;
			compatibilityVersion = "Xcode 13.0";
			developmentRegion = en;
			hasScannedForEncodings = 0;
			knownRegions = (
				en,
				Base,
			);
			mainGroup = 5BF11FA127AAE1400052019C;
			productRefGroup = 5BF11FAB27AAE1400052019C /* Products */;
			projectDirPath = "";
			projectRoot = "";
			targets = (
				5BF11FA927AAE1400052019C /* Command */,
				5BF11FBF27AAE1400052019C /* CommandTests */,
				5BF11FC927AAE1400052019C /* CommandUITests */,
			);
		};
/* End PBXProject section */

/* Begin PBXResourcesBuildPhase section */
		5BF11FA827AAE1400052019C /* Resources */ = {
			isa = PBXResourcesBuildPhase;
			buildActionMask = 2147483647;
			files = (
				5BF11FBA27AAE1400052019C /* LaunchScreen.storyboard in Resources */,
				5BF11FB727AAE1400052019C /* Assets.xcassets in Resources */,
				5BF11FB527AAE1400052019C /* Main.storyboard in Resources */,
			);
			runOnlyForDeploymentPostprocessing = 0;
		};
		5BF11FBE27AAE1400052019C /* Resources */ = {
			isa = PBXResourcesBuildPhase;
			buildActionMask = 2147483647;
			files = (
			);
			runOnlyForDeploymentPostprocessing = 0;
		};
		5BF11FC827AAE1400052019C /* Resources */ = {
			isa = PBXResourcesBuildPhase;
			buildActionMask = 2147483647;
			files = (
			);
			runOnlyForDeploymentPostprocessing = 0;
		};
/* End PBXResourcesBuildPhase section */

/* Begin PBXSourcesBuildPhase section */
		5BF11FA627AAE1400052019C /* Sources */ = {
			isa = PBXSourcesBuildPhase;
			buildActionMask = 2147483647;
			files = (
				5BF11FB227AAE1400052019C /* ViewController.swift in Sources */,
				5BF11FAE27AAE1400052019C /* AppDelegate.swift in Sources */,
				5BF11FE227AAE2E60052019C /* CommandExecutor.swift in Sources */,
				5BF11FE027AAE2CA0052019C /* StringUndoCommand.swift in Sources */,
				5BF11FDE27AAE2B30052019C /* BaseCommand.swift in Sources */,
				5BF11FB027AAE1400052019C /* SceneDelegate.swift in Sources */,
			);
			runOnlyForDeploymentPostprocessing = 0;
		};
		5BF11FBC27AAE1400052019C /* Sources */ = {
			isa = PBXSourcesBuildPhase;
			buildActionMask = 2147483647;
			files = (
				5BF11FC527AAE1400052019C /* CommandTests.swift in Sources */,
			);
			runOnlyForDeploymentPostprocessing = 0;
		};
		5BF11FC627AAE1400052019C /* Sources */ = {
			isa = PBXSourcesBuildPhase;
			buildActionMask = 2147483647;
			files = (
				5BF11FD127AAE1400052019C /* CommandUITestsLaunchTests.swift in Sources */,
				5BF11FCF27AAE1400052019C /* CommandUITests.swift in Sources */,
			);
			runOnlyForDeploymentPostprocessing = 0;
		};
/* End PBXSourcesBuildPhase section */

/* Begin PBXTargetDependency section */
		5BF11FC227AAE1400052019C /* PBXTargetDependency */ = {
			isa = PBXTargetDependency;
			target = 5BF11FA927AAE1400052019C /* Command */;
			targetProxy = 5BF11FC127AAE1400052019C /* PBXContainerItemProxy */;
		};
		5BF11FCC27AAE1400052019C /* PBXTargetDependency */ = {
			isa = PBXTargetDependency;
			target = 5BF11FA927AAE1400052019C /* Command */;
			targetProxy = 5BF11FCB27AAE1400052019C /* PBXContainerItemProxy */;
		};
/* End PBXTargetDependency section */

/* Begin PBXVariantGroup section */
		5BF11FB327AAE1400052019C /* Main.storyboard */ = {
			isa = PBXVariantGroup;
			children = (
				5BF11FB427AAE1400052019C /* Base */,
			);
			name = Main.storyboard;
			sourceTree = "<group>";
		};
		5BF11FB827AAE1400052019C /* LaunchScreen.storyboard */ = {
			isa = PBXVariantGroup;
			children = (
				5BF11FB927AAE1400052019C /* Base */,
			);
			name = LaunchScreen.storyboard;
			sourceTree = "<group>";
		};
/* End PBXVariantGroup section */

/* Begin XCBuildConfiguration section */
		5BF11FD227AAE1400052019C /* Debug */ = {
			isa = XCBuildConfiguration;
			buildSettings = {
				ALWAYS_SEARCH_USER_PATHS = NO;
				CLANG_ANALYZER_NONNULL = YES;
				CLANG_ANALYZER_NUMBER_OBJECT_CONVERSION = YES_AGGRESSIVE;
				CLANG_CXX_LANGUAGE_STANDARD = "gnu++17";
				CLANG_CXX_LIBRARY = "libc++";
				CLANG_ENABLE_MODULES = YES;
				CLANG_ENABLE_OBJC_ARC = YES;
				CLANG_ENABLE_OBJC_WEAK = YES;
				CLANG_WARN_BLOCK_CAPTURE_AUTORELEASING = YES;
				CLANG_WARN_BOOL_CONVERSION = YES;
				CLANG_WARN_COMMA = YES;
				CLANG_WARN_CONSTANT_CONVERSION = YES;
				CLANG_WARN_DEPRECATED_OBJC_IMPLEMENTATIONS = YES;
				CLANG_WARN_DIRECT_OBJC_ISA_USAGE = YES_ERROR;
				CLANG_WARN_DOCUMENTATION_COMMENTS = YES;
				CLANG_WARN_EMPTY_BODY = YES;
				CLANG_WARN_ENUM_CONVERSION = YES;
				CLANG_WARN_INFINITE_RECURSION = YES;
				CLANG_WARN_INT_CONVERSION = YES;
				CLANG_WARN_NON_LITERAL_NULL_CONVERSION = YES;
				CLANG_WARN_OBJC_IMPLICIT_RETAIN_SELF = YES;
				CLANG_WARN_OBJC_LITERAL_CONVERSION = YES;
				CLANG_WARN_OBJC_ROOT_CLASS = YES_ERROR;
				CLANG_WARN_QUOTED_INCLUDE_IN_FRAMEWORK_HEADER = YES;
				CLANG_WARN_RANGE_LOOP_ANALYSIS = YES;
				CLANG_WARN_STRICT_PROTOTYPES = YES;
				CLANG_WARN_SUSPICIOUS_MOVE = YES;
				CLANG_WARN_UNGUARDED_AVAILABILITY = YES_AGGRESSIVE;
				CLANG_WARN_UNREACHABLE_CODE = YES;
				CLANG_WARN__DUPLICATE_METHOD_MATCH = YES;
				COPY_PHASE_STRIP = NO;
				DEBUG_INFORMATION_FORMAT = dwarf;
				ENABLE_STRICT_OBJC_MSGSEND = YES;
				ENABLE_TESTABILITY = YES;
				GCC_C_LANGUAGE_STANDARD = gnu11;
				GCC_DYNAMIC_NO_PIC = NO;
				GCC_NO_COMMON_BLOCKS = YES;
				GCC_OPTIMIZATION_LEVEL = 0;
				GCC_PREPROCESSOR_DEFINITIONS = (
					"DEBUG=1",
					"$(inherited)",
				);
				GCC_WARN_64_TO_32_BIT_CONVERSION = YES;
				GCC_WARN_ABOUT_RETURN_TYPE = YES_ERROR;
				GCC_WARN_UNDECLARED_SELECTOR = YES;
				GCC_WARN_UNINITIALIZED_AUTOS = YES_AGGRESSIVE;
				GCC_WARN_UNUSED_FUNCTION = YES;
				GCC_WARN_UNUSED_VARIABLE = YES;
				IPHONEOS_DEPLOYMENT_TARGET = 15.2;
				MTL_ENABLE_DEBUG_INFO = INCLUDE_SOURCE;
				MTL_FAST_MATH = YES;
				ONLY_ACTIVE_ARCH = YES;
				SDKROOT = iphoneos;
				SWIFT_ACTIVE_COMPILATION_CONDITIONS = DEBUG;
				SWIFT_OPTIMIZATION_LEVEL = "-Onone";
			};
			name = Debug;
		};
		5BF11FD327AAE1400052019C /* Release */ = {
			isa = XCBuildConfiguration;
			buildSettings = {
				ALWAYS_SEARCH_USER_PATHS = NO;
				CLANG_ANALYZER_NONNULL = YES;
				CLANG_ANALYZER_NUMBER_OBJECT_CONVERSION = YES_AGGRESSIVE;
				CLANG_CXX_LANGUAGE_STANDARD = "gnu++17";
				CLANG_CXX_LIBRARY = "libc++";
				CLANG_ENABLE_MODULES = YES;
				CLANG_ENABLE_OBJC_ARC = YES;
				CLANG_ENABLE_OBJC_WEAK = YES;
				CLANG_WARN_BLOCK_CAPTURE_AUTORELEASING = YES;
				CLANG_WARN_BOOL_CONVERSION = YES;
				CLANG_WARN_COMMA = YES;
				CLANG_WARN_CONSTANT_CONVERSION = YES;
				CLANG_WARN_DEPRECATED_OBJC_IMPLEMENTATIONS = YES;
				CLANG_WARN_DIRECT_OBJC_ISA_USAGE = YES_ERROR;
				CLANG_WARN_DOCUMENTATION_COMMENTS = YES;
				CLANG_WARN_EMPTY_BODY = YES;
				CLANG_WARN_ENUM_CONVERSION = YES;
				CLANG_WARN_INFINITE_RECURSION = YES;
				CLANG_WARN_INT_CONVERSION = YES;
				CLANG_WARN_NON_LITERAL_NULL_CONVERSION = YES;
				CLANG_WARN_OBJC_IMPLICIT_RETAIN_SELF = YES;
				CLANG_WARN_OBJC_LITERAL_CONVERSION = YES;
				CLANG_WARN_OBJC_ROOT_CLASS = YES_ERROR;
				CLANG_WARN_QUOTED_INCLUDE_IN_FRAMEWORK_HEADER = YES;
				CLANG_WARN_RANGE_LOOP_ANALYSIS = YES;
				CLANG_WARN_STRICT_PROTOTYPES = YES;
				CLANG_WARN_SUSPICIOUS_MOVE = YES;
				CLANG_WARN_UNGUARDED_AVAILABILITY = YES_AGGRESSIVE;
				CLANG_WARN_UNREACHABLE_CODE = YES;
				CLANG_WARN__DUPLICATE_METHOD_MATCH = YES;
				COPY_PHASE_STRIP = NO;
				DEBUG_INFORMATION_FORMAT = "dwarf-with-dsym";
				ENABLE_NS_ASSERTIONS = NO;
				ENABLE_STRICT_OBJC_MSGSEND = YES;
				GCC_C_LANGUAGE_STANDARD = gnu11;
				GCC_NO_COMMON_BLOCKS = YES;
				GCC_WARN_64_TO_32_BIT_CONVERSION = YES;
				GCC_WARN_ABOUT_RETURN_TYPE = YES_ERROR;
				GCC_WARN_UNDECLARED_SELECTOR = YES;
				GCC_WARN_UNINITIALIZED_AUTOS = YES_AGGRESSIVE;
				GCC_WARN_UNUSED_FUNCTION = YES;
				GCC_WARN_UNUSED_VARIABLE = YES;
				IPHONEOS_DEPLOYMENT_TARGET = 15.2;
				MTL_ENABLE_DEBUG_INFO = NO;
				MTL_FAST_MATH = YES;
				SDKROOT = iphoneos;
				SWIFT_COMPILATION_MODE = wholemodule;
				SWIFT_OPTIMIZATION_LEVEL = "-O";
				VALIDATE_PRODUCT = YES;
			};
			name = Release;
		};
		5BF11FD527AAE1400052019C /* Debug */ = {
			isa = XCBuildConfiguration;
			buildSettings = {
				ASSETCATALOG_COMPILER_APPICON_NAME = AppIcon;
				ASSETCATALOG_COMPILER_GLOBAL_ACCENT_COLOR_NAME = AccentColor;
				CODE_SIGN_STYLE = Automatic;
				CURRENT_PROJECT_VERSION = 1;
				DEVELOPMENT_TEAM = 79QD8T4C92;
				GENERATE_INFOPLIST_FILE = YES;
				INFOPLIST_FILE = Command/Info.plist;
				INFOPLIST_KEY_UIApplicationSupportsIndirectInputEvents = YES;
				INFOPLIST_KEY_UILaunchStoryboardName = LaunchScreen;
				INFOPLIST_KEY_UIMainStoryboardFile = Main;
				INFOPLIST_KEY_UISupportedInterfaceOrientations_iPad = "UIInterfaceOrientationPortrait UIInterfaceOrientationPortraitUpsideDown UIInterfaceOrientationLandscapeLeft UIInterfaceOrientationLandscapeRight";
				INFOPLIST_KEY_UISupportedInterfaceOrientations_iPhone = "UIInterfaceOrientationPortrait UIInterfaceOrientationLandscapeLeft UIInterfaceOrientationLandscapeRight";
				LD_RUNPATH_SEARCH_PATHS = (
					"$(inherited)",
					"@executable_path/Frameworks",
				);
				MARKETING_VERSION = 1.0;
				PRODUCT_BUNDLE_IDENTIFIER = rhiskey.Command;
				PRODUCT_NAME = "$(TARGET_NAME)";
				SWIFT_EMIT_LOC_STRINGS = YES;
				SWIFT_VERSION = 5.0;
				TARGETED_DEVICE_FAMILY = "1,2";
			};
			name = Debug;
		};
		5BF11FD627AAE1400052019C /* Release */ = {
			isa = XCBuildConfiguration;
			buildSettings = {
				ASSETCATALOG_COMPILER_APPICON_NAME = AppIcon;
				ASSETCATALOG_COMPILER_GLOBAL_ACCENT_COLOR_NAME = AccentColor;
				CODE_SIGN_STYLE = Automatic;
				CURRENT_PROJECT_VERSION = 1;
				DEVELOPMENT_TEAM = 79QD8T4C92;
				GENERATE_INFOPLIST_FILE = YES;
				INFOPLIST_FILE = Command/Info.plist;
				INFOPLIST_KEY_UIApplicationSupportsIndirectInputEvents = YES;
				INFOPLIST_KEY_UILaunchStoryboardName = LaunchScreen;
				INFOPLIST_KEY_UIMainStoryboardFile = Main;
				INFOPLIST_KEY_UISupportedInterfaceOrientations_iPad = "UIInterfaceOrientationPortrait UIInterfaceOrientationPortraitUpsideDown UIInterfaceOrientationLandscapeLeft UIInterfaceOrientationLandscapeRight";
				INFOPLIST_KEY_UISupportedInterfaceOrientations_iPhone = "UIInterfaceOrientationPortrait UIInterfaceOrientationLandscapeLeft UIInterfaceOrientationLandscapeRight";
				LD_RUNPATH_SEARCH_PATHS = (
					"$(inherited)",
					"@executable_path/Frameworks",
				);
				MARKETING_VERSION = 1.0;
				PRODUCT_BUNDLE_IDENTIFIER = rhiskey.Command;
				PRODUCT_NAME = "$(TARGET_NAME)";
				SWIFT_EMIT_LOC_STRINGS = YES;
				SWIFT_VERSION = 5.0;
				TARGETED_DEVICE_FAMILY = "1,2";
			};
			name = Release;
		};
		5BF11FD827AAE1400052019C /* Debug */ = {
			isa = XCBuildConfiguration;
			buildSettings = {
				ALWAYS_EMBED_SWIFT_STANDARD_LIBRARIES = YES;
				BUNDLE_LOADER = "$(TEST_HOST)";
				CODE_SIGN_STYLE = Automatic;
				CURRENT_PROJECT_VERSION = 1;
				DEVELOPMENT_TEAM = 79QD8T4C92;
				GENERATE_INFOPLIST_FILE = YES;
				IPHONEOS_DEPLOYMENT_TARGET = 15.2;
				MARKETING_VERSION = 1.0;
				PRODUCT_BUNDLE_IDENTIFIER = rhiskey.CommandTests;
				PRODUCT_NAME = "$(TARGET_NAME)";
				SWIFT_EMIT_LOC_STRINGS = NO;
				SWIFT_VERSION = 5.0;
				TARGETED_DEVICE_FAMILY = "1,2";
				TEST_HOST = "$(BUILT_PRODUCTS_DIR)/Command.app/Command";
			};
			name = Debug;
		};
		5BF11FD927AAE1400052019C /* Release */ = {
			isa = XCBuildConfiguration;
			buildSettings = {
				ALWAYS_EMBED_SWIFT_STANDARD_LIBRARIES = YES;
				BUNDLE_LOADER = "$(TEST_HOST)";
				CODE_SIGN_STYLE = Automatic;
				CURRENT_PROJECT_VERSION = 1;
				DEVELOPMENT_TEAM = 79QD8T4C92;
				GENERATE_INFOPLIST_FILE = YES;
				IPHONEOS_DEPLOYMENT_TARGET = 15.2;
				MARKETING_VERSION = 1.0;
				PRODUCT_BUNDLE_IDENTIFIER = rhiskey.CommandTests;
				PRODUCT_NAME = "$(TARGET_NAME)";
				SWIFT_EMIT_LOC_STRINGS = NO;
				SWIFT_VERSION = 5.0;
				TARGETED_DEVICE_FAMILY = "1,2";
				TEST_HOST = "$(BUILT_PRODUCTS_DIR)/Command.app/Command";
			};
			name = Release;
		};
		5BF11FDB27AAE1400052019C /* Debug */ = {
			isa = XCBuildConfiguration;
			buildSettings = {
				ALWAYS_EMBED_SWIFT_STANDARD_LIBRARIES = YES;
				CODE_SIGN_STYLE = Automatic;
				CURRENT_PROJECT_VERSION = 1;
				DEVELOPMENT_TEAM = 79QD8T4C92;
				GENERATE_INFOPLIST_FILE = YES;
				MARKETING_VERSION = 1.0;
				PRODUCT_BUNDLE_IDENTIFIER = rhiskey.CommandUITests;
				PRODUCT_NAME = "$(TARGET_NAME)";
				SWIFT_EMIT_LOC_STRINGS = NO;
				SWIFT_VERSION = 5.0;
				TARGETED_DEVICE_FAMILY = "1,2";
				TEST_TARGET_NAME = Command;
			};
			name = Debug;
		};
		5BF11FDC27AAE1400052019C /* Release */ = {
			isa = XCBuildConfiguration;
			buildSettings = {
				ALWAYS_EMBED_SWIFT_STANDARD_LIBRARIES = YES;
				CODE_SIGN_STYLE = Automatic;
				CURRENT_PROJECT_VERSION = 1;
				DEVELOPMENT_TEAM = 79QD8T4C92;
				GENERATE_INFOPLIST_FILE = YES;
				MARKETING_VERSION = 1.0;
				PRODUCT_BUNDLE_IDENTIFIER = rhiskey.CommandUITests;
				PRODUCT_NAME = "$(TARGET_NAME)";
				SWIFT_EMIT_LOC_STRINGS = NO;
				SWIFT_VERSION = 5.0;
				TARGETED_DEVICE_FAMILY = "1,2";
				TEST_TARGET_NAME = Command;
			};
			name = Release;
		};
/* End XCBuildConfiguration section */

/* Begin XCConfigurationList section */
		5BF11FA527AAE1400052019C /* Build configuration list for PBXProject "Command" */ = {
			isa = XCConfigurationList;
			buildConfigurations = (
				5BF11FD227AAE1400052019C /* Debug */,
				5BF11FD327AAE1400052019C /* Release */,
			);
			defaultConfigurationIsVisible = 0;
			defaultConfigurationName = Release;
		};
		5BF11FD427AAE1400052019C /* Build configuration list for PBXNativeTarget "Command" */ = {
			isa = XCConfigurationList;
			buildConfigurations = (
				5BF11FD527AAE1400052019C /* Debug */,
				5BF11FD627AAE1400052019C /* Release */,
			);
			defaultConfigurationIsVisible = 0;
			defaultConfigurationName = Release;
		};
		5BF11FD727AAE1400052019C /* Build configuration list for PBXNativeTarget "CommandTests" */ = {
			isa = XCConfigurationList;
			buildConfigurations = (
				5BF11FD827AAE1400052019C /* Debug */,
				5BF11FD927AAE1400052019C /* Release */,
			);
			defaultConfigurationIsVisible = 0;
			defaultConfigurationName = Release;
		};
		5BF11FDA27AAE1400052019C /* Build configuration list for PBXNativeTarget "CommandUITests" */ = {
			isa = XCConfigurationList;
			buildConfigurations = (
				5BF11FDB27AAE1400052019C /* Debug */,
				5BF11FDC27AAE1400052019C /* Release */,
			);
			defaultConfigurationIsVisible = 0;
			defaultConfigurationName = Release;
		};
/* End XCConfigurationList section */
	};
	rootObject = 5BF11FA227AAE1400052019C /* Project object */;
}
